
Microsoft Visual Studio Solution File, Format Version 12.00
# Visual Studio 15
VisualStudioVersion = 15.0.28307.421
MinimumVisualStudioVersion = 10.0.40219.1
Project("{FAE04EC0-301F-11D3-BF4B-00C04F79EFBC}") = "VideoBackgroundService", "VideoBackgroundService\VideoBackgroundService.csproj", "{9804FB50-BE3B-4AAC-AB07-296B5088D626}"
EndProject
Global
	GlobalSection(SolutionConfigurationPlatforms) = preSolution
		Debug|Any CPU = Debug|Any CPU
		Release|Any CPU = Release|Any CPU
	EndGlobalSection
	GlobalSection(ProjectConfigurationPlatforms) = postSolution
		{9804FB50-BE3B-4AAC-AB07-296B5088D626}.Debug|Any CPU.ActiveCfg = Debug|Any CPU
		{9804FB50-BE3B-4AAC-AB07-296B5088D626}.Debug|Any CPU.Build.0 = Debug|Any CPU
		{9804FB50-BE3B-4AAC-AB07-296B5088D626}.Release|Any CPU.ActiveCfg = Release|Any CPU
		{9804FB50-BE3B-4AAC-AB07-296B5088D626}.Release|Any CPU.Build.0 = Release|Any CPU
	EndGlobalSection
	GlobalSection(SolutionProperties) = preSolution
		HideSolutionNode = FALSE
	EndGlobalSection
	GlobalSection(ExtensibilityGlobals) = postSolution
		SolutionGuid = {7B1EEC2F-A3B2-47FF-B1E8-89106CE9FC76}
	EndGlobalSection
EndGlobal
